
Microsoft Visual Studio Solution File, Format Version 12.00
# Visual Studio Version 16
VisualStudioVersion = 16.0.29911.84
MinimumVisualStudioVersion = 10.0.40219.1
Project("{FAE04EC0-301F-11D3-BF4B-00C04F79EFBC}") = "StreamlabsOpenNvidia", "StreamlabsOpenNvidia.csproj", "{B4134C1C-2DE4-458B-B9BF-C9D13967B388}"
EndProject
Global
	GlobalSection(SolutionConfigurationPlatforms) = preSolution
		Debug|Any CPU = Debug|Any CPU
		Release|Any CPU = Release|Any CPU
	EndGlobalSection
	GlobalSection(ProjectConfigurationPlatforms) = postSolution
		{B4134C1C-2DE4-458B-B9BF-C9D13967B388}.Debug|Any CPU.ActiveCfg = Debug|Any CPU
		{B4134C1C-2DE4-458B-B9BF-C9D13967B388}.Debug|Any CPU.Build.0 = Debug|Any CPU
		{B4134C1C-2DE4-458B-B9BF-C9D13967B388}.Release|Any CPU.ActiveCfg = Release|Any CPU
		{B4134C1C-2DE4-458B-B9BF-C9D13967B388}.Release|Any CPU.Build.0 = Release|Any CPU
	EndGlobalSection
	GlobalSection(SolutionProperties) = preSolution
		HideSolutionNode = FALSE
	EndGlobalSection
	GlobalSection(ExtensibilityGlobals) = postSolution
		SolutionGuid = {FF99405B-A58B-4C1B-AE43-9DBD95E60BEC}
	EndGlobalSection
EndGlobal
